
Microsoft Visual Studio Solution File, Format Version 12.00
# Visual Studio 15
VisualStudioVersion = 15.0.27703.2042
MinimumVisualStudioVersion = 10.0.40219.1
Project("{FAE04EC0-301F-11D3-BF4B-00C04F79EFBC}") = "SistemaAtg", "..\SistemaAtg\SistemaAtg.csproj", "{72D9C34E-6E02-47A9-B3E1-D2A55259C3C5}"
EndProject
Project("{FAE04EC0-301F-11D3-BF4B-00C04F79EFBC}") = "ApiAtg", "ApiAtg\ApiAtg.csproj", "{EA758A80-273B-4336-8E6F-F433F8A1A57E}"
EndProject
Project("{FAE04EC0-301F-11D3-BF4B-00C04F79EFBC}") = "NucleoAtg", "NucleoAtg\NucleoAtg.csproj", "{C375B6BC-A9B1-48F2-AA0E-99DE221F0EE8}"
EndProject
Global
	GlobalSection(SolutionConfigurationPlatforms) = preSolution
		Debug|Any CPU = Debug|Any CPU
		Release|Any CPU = Release|Any CPU
	EndGlobalSection
	GlobalSection(ProjectConfigurationPlatforms) = postSolution
		{72D9C34E-6E02-47A9-B3E1-D2A55259C3C5}.Debug|Any CPU.ActiveCfg = Debug|Any CPU
		{72D9C34E-6E02-47A9-B3E1-D2A55259C3C5}.Debug|Any CPU.Build.0 = Debug|Any CPU
		{72D9C34E-6E02-47A9-B3E1-D2A55259C3C5}.Release|Any CPU.ActiveCfg = Release|Any CPU
		{72D9C34E-6E02-47A9-B3E1-D2A55259C3C5}.Release|Any CPU.Build.0 = Release|Any CPU
		{EA758A80-273B-4336-8E6F-F433F8A1A57E}.Debug|Any CPU.ActiveCfg = Debug|Any CPU
		{EA758A80-273B-4336-8E6F-F433F8A1A57E}.Debug|Any CPU.Build.0 = Debug|Any CPU
		{EA758A80-273B-4336-8E6F-F433F8A1A57E}.Release|Any CPU.ActiveCfg = Release|Any CPU
		{EA758A80-273B-4336-8E6F-F433F8A1A57E}.Release|Any CPU.Build.0 = Release|Any CPU
		{C375B6BC-A9B1-48F2-AA0E-99DE221F0EE8}.Debug|Any CPU.ActiveCfg = Debug|Any CPU
		{C375B6BC-A9B1-48F2-AA0E-99DE221F0EE8}.Debug|Any CPU.Build.0 = Debug|Any CPU
		{C375B6BC-A9B1-48F2-AA0E-99DE221F0EE8}.Release|Any CPU.ActiveCfg = Release|Any CPU
		{C375B6BC-A9B1-48F2-AA0E-99DE221F0EE8}.Release|Any CPU.Build.0 = Release|Any CPU
	EndGlobalSection
	GlobalSection(SolutionProperties) = preSolution
		HideSolutionNode = FALSE
	EndGlobalSection
	GlobalSection(ExtensibilityGlobals) = postSolution
		SolutionGuid = {4DACB672-9271-48C5-AF90-DA9A42DDF6BD}
	EndGlobalSection
EndGlobal
